
Microsoft Visual Studio Solution File, Format Version 12.00
Project("{FAE04EC0-301F-11D3-BF4B-00C04F79EFBC}") = "GodspeedPaints", "GodspeedPaints\GodspeedPaints.csproj", "{BFC7B32D-9FAE-491E-BD05-126AEE3794D6}"
EndProject
Project("{FAE04EC0-301F-11D3-BF4B-00C04F79EFBC}") = "GodspeedPaints.Tests", "GodspeedPaints.Tests\GodspeedPaints.Tests.csproj", "{91D93380-4737-4A19-9820-9D391DDFE0E6}"
EndProject
Global
	GlobalSection(SolutionConfigurationPlatforms) = preSolution
		Debug|Any CPU = Debug|Any CPU
		Release|Any CPU = Release|Any CPU
	EndGlobalSection
	GlobalSection(ProjectConfigurationPlatforms) = postSolution
		{BFC7B32D-9FAE-491E-BD05-126AEE3794D6}.Debug|Any CPU.ActiveCfg = Debug|Any CPU
		{BFC7B32D-9FAE-491E-BD05-126AEE3794D6}.Debug|Any CPU.Build.0 = Debug|Any CPU
		{BFC7B32D-9FAE-491E-BD05-126AEE3794D6}.Release|Any CPU.ActiveCfg = Release|Any CPU
		{BFC7B32D-9FAE-491E-BD05-126AEE3794D6}.Release|Any CPU.Build.0 = Release|Any CPU
		{91D93380-4737-4A19-9820-9D391DDFE0E6}.Debug|Any CPU.ActiveCfg = Debug|Any CPU
		{91D93380-4737-4A19-9820-9D391DDFE0E6}.Debug|Any CPU.Build.0 = Debug|Any CPU
		{91D93380-4737-4A19-9820-9D391DDFE0E6}.Release|Any CPU.ActiveCfg = Release|Any CPU
		{91D93380-4737-4A19-9820-9D391DDFE0E6}.Release|Any CPU.Build.0 = Release|Any CPU
	EndGlobalSection
EndGlobal
